// !$*UTF8*$!
{
	archiveVersion = 1;
	classes = {
	};
	objectVersion = 50;
	objects = {

/* Begin PBXBuildFile section */
		4E56E57B259A7B810035A510 /* ListOfAllConstituenciesView.swift in Sources */ = {isa = PBXBuildFile; fileRef = 4E56E57A259A7B810035A510 /* ListOfAllConstituenciesView.swift */; };
		4E5EDAE925A66F0F00DDAC1C /* ParliamentAPI.swift in Sources */ = {isa = PBXBuildFile; fileRef = 4E5EDAE825A66F0F00DDAC1C /* ParliamentAPI.swift */; };
		4E5EDAED25A68CD400DDAC1C /* PartyBannerView.swift in Sources */ = {isa = PBXBuildFile; fileRef = 4E5EDAEC25A68CD400DDAC1C /* PartyBannerView.swift */; };
		4E5EDAF025A68E2900DDAC1C /* PartiesModel.swift in Sources */ = {isa = PBXBuildFile; fileRef = 4E5EDAEF25A68E2900DDAC1C /* PartiesModel.swift */; };
		4E5EDAF325A6955B00DDAC1C /* AllPartyBannersView.swift in Sources */ = {isa = PBXBuildFile; fileRef = 4E5EDAF225A6955B00DDAC1C /* AllPartyBannersView.swift */; };
		4E713C1125842212001A0EB2 /* UK_Parliment_StatsApp.swift in Sources */ = {isa = PBXBuildFile; fileRef = 4E713C1025842212001A0EB2 /* UK_Parliment_StatsApp.swift */; };
		4E713C1325842212001A0EB2 /* ContentView.swift in Sources */ = {isa = PBXBuildFile; fileRef = 4E713C1225842212001A0EB2 /* ContentView.swift */; };
		4E713C1525842216001A0EB2 /* Assets.xcassets in Resources */ = {isa = PBXBuildFile; fileRef = 4E713C1425842216001A0EB2 /* Assets.xcassets */; };
		4E713C1825842216001A0EB2 /* Preview Assets.xcassets in Resources */ = {isa = PBXBuildFile; fileRef = 4E713C1725842216001A0EB2 /* Preview Assets.xcassets */; };
		4E713C232584224F001A0EB2 /* MinimalisticButtonStyle.swift in Sources */ = {isa = PBXBuildFile; fileRef = 4E713C212584224F001A0EB2 /* MinimalisticButtonStyle.swift */; };
		4E713C242584224F001A0EB2 /* SlideMenu.swift in Sources */ = {isa = PBXBuildFile; fileRef = 4E713C222584224F001A0EB2 /* SlideMenu.swift */; };
		4E713C2725842419001A0EB2 /* SideMenuNavigationLinkLabel.swift in Sources */ = {isa = PBXBuildFile; fileRef = 4E713C2625842418001A0EB2 /* SideMenuNavigationLinkLabel.swift */; };
		4E713C3D258437C0001A0EB2 /* FlockingBoidsView.swift in Sources */ = {isa = PBXBuildFile; fileRef = 4E713C38258437C0001A0EB2 /* FlockingBoidsView.swift */; };
		4E713C3E258437C0001A0EB2 /* CGPoint-Helpers.swift in Sources */ = {isa = PBXBuildFile; fileRef = 4E713C39258437C0001A0EB2 /* CGPoint-Helpers.swift */; };
		4E713C3F258437C0001A0EB2 /* Triangle.swift in Sources */ = {isa = PBXBuildFile; fileRef = 4E713C3A258437C0001A0EB2 /* Triangle.swift */; };
		4E713C40258437C0001A0EB2 /* Model.swift in Sources */ = {isa = PBXBuildFile; fileRef = 4E713C3B258437C0001A0EB2 /* Model.swift */; };
		4E713C41258437C0001A0EB2 /* ViewModel.swift in Sources */ = {isa = PBXBuildFile; fileRef = 4E713C3C258437C0001A0EB2 /* ViewModel.swift */; };
		4E72043D25994E80002A8841 /* ConstituenciesSearchModels.swift in Sources */ = {isa = PBXBuildFile; fileRef = 4E72043B25994E80002A8841 /* ConstituenciesSearchModels.swift */; };
		4E72043E25994E80002A8841 /* ConstituenciesJSON.swift in Sources */ = {isa = PBXBuildFile; fileRef = 4E72043C25994E80002A8841 /* ConstituenciesJSON.swift */; };
/* End PBXBuildFile section */

/* Begin PBXFileReference section */
		4E56E57A259A7B810035A510 /* ListOfAllConstituenciesView.swift */ = {isa = PBXFileReference; lastKnownFileType = sourcecode.swift; path = ListOfAllConstituenciesView.swift; sourceTree = "<group>"; };
		4E5EDAE825A66F0F00DDAC1C /* ParliamentAPI.swift */ = {isa = PBXFileReference; lastKnownFileType = sourcecode.swift; path = ParliamentAPI.swift; sourceTree = "<group>"; };
		4E5EDAEC25A68CD400DDAC1C /* PartyBannerView.swift */ = {isa = PBXFileReference; lastKnownFileType = sourcecode.swift; path = PartyBannerView.swift; sourceTree = "<group>"; };
		4E5EDAEF25A68E2900DDAC1C /* PartiesModel.swift */ = {isa = PBXFileReference; lastKnownFileType = sourcecode.swift; path = PartiesModel.swift; sourceTree = "<group>"; };
		4E5EDAF225A6955B00DDAC1C /* AllPartyBannersView.swift */ = {isa = PBXFileReference; lastKnownFileType = sourcecode.swift; path = AllPartyBannersView.swift; sourceTree = "<group>"; };
		4E713C0D25842212001A0EB2 /* UK Parliment Stats.app */ = {isa = PBXFileReference; explicitFileType = wrapper.application; includeInIndex = 0; path = "UK Parliment Stats.app"; sourceTree = BUILT_PRODUCTS_DIR; };
		4E713C1025842212001A0EB2 /* UK_Parliment_StatsApp.swift */ = {isa = PBXFileReference; lastKnownFileType = sourcecode.swift; path = UK_Parliment_StatsApp.swift; sourceTree = "<group>"; };
		4E713C1225842212001A0EB2 /* ContentView.swift */ = {isa = PBXFileReference; lastKnownFileType = sourcecode.swift; path = ContentView.swift; sourceTree = "<group>"; };
		4E713C1425842216001A0EB2 /* Assets.xcassets */ = {isa = PBXFileReference; lastKnownFileType = folder.assetcatalog; path = Assets.xcassets; sourceTree = "<group>"; };
		4E713C1725842216001A0EB2 /* Preview Assets.xcassets */ = {isa = PBXFileReference; lastKnownFileType = folder.assetcatalog; path = "Preview Assets.xcassets"; sourceTree = "<group>"; };
		4E713C1925842216001A0EB2 /* Info.plist */ = {isa = PBXFileReference; lastKnownFileType = text.plist.xml; path = Info.plist; sourceTree = "<group>"; };
		4E713C212584224F001A0EB2 /* MinimalisticButtonStyle.swift */ = {isa = PBXFileReference; fileEncoding = 4; lastKnownFileType = sourcecode.swift; path = MinimalisticButtonStyle.swift; sourceTree = "<group>"; };
		4E713C222584224F001A0EB2 /* SlideMenu.swift */ = {isa = PBXFileReference; fileEncoding = 4; lastKnownFileType = sourcecode.swift; path = SlideMenu.swift; sourceTree = "<group>"; };
		4E713C2625842418001A0EB2 /* SideMenuNavigationLinkLabel.swift */ = {isa = PBXFileReference; lastKnownFileType = sourcecode.swift; path = SideMenuNavigationLinkLabel.swift; sourceTree = "<group>"; };
		4E713C38258437C0001A0EB2 /* FlockingBoidsView.swift */ = {isa = PBXFileReference; fileEncoding = 4; lastKnownFileType = sourcecode.swift; path = FlockingBoidsView.swift; sourceTree = "<group>"; };
		4E713C39258437C0001A0EB2 /* CGPoint-Helpers.swift */ = {isa = PBXFileReference; fileEncoding = 4; lastKnownFileType = sourcecode.swift; path = "CGPoint-Helpers.swift"; sourceTree = "<group>"; };
		4E713C3A258437C0001A0EB2 /* Triangle.swift */ = {isa = PBXFileReference; fileEncoding = 4; lastKnownFileType = sourcecode.swift; path = Triangle.swift; sourceTree = "<group>"; };
		4E713C3B258437C0001A0EB2 /* Model.swift */ = {isa = PBXFileReference; fileEncoding = 4; lastKnownFileType = sourcecode.swift; path = Model.swift; sourceTree = "<group>"; };
		4E713C3C258437C0001A0EB2 /* ViewModel.swift */ = {isa = PBXFileReference; fileEncoding = 4; lastKnownFileType = sourcecode.swift; path = ViewModel.swift; sourceTree = "<group>"; };
		4E72043B25994E80002A8841 /* ConstituenciesSearchModels.swift */ = {isa = PBXFileReference; fileEncoding = 4; lastKnownFileType = sourcecode.swift; path = ConstituenciesSearchModels.swift; sourceTree = "<group>"; };
		4E72043C25994E80002A8841 /* ConstituenciesJSON.swift */ = {isa = PBXFileReference; fileEncoding = 4; lastKnownFileType = sourcecode.swift; path = ConstituenciesJSON.swift; sourceTree = "<group>"; };
/* End PBXFileReference section */

/* Begin PBXFrameworksBuildPhase section */
		4E713C0A25842212001A0EB2 /* Frameworks */ = {
			isa = PBXFrameworksBuildPhase;
			buildActionMask = 2147483647;
			files = (
			);
			runOnlyForDeploymentPostprocessing = 0;
		};
/* End PBXFrameworksBuildPhase section */

/* Begin PBXGroup section */
		4E5EDAEB25A68C6500DDAC1C /* Parties */ = {
			isa = PBXGroup;
			children = (
				4E5EDAEC25A68CD400DDAC1C /* PartyBannerView.swift */,
				4E5EDAF225A6955B00DDAC1C /* AllPartyBannersView.swift */,
				4E5EDAEF25A68E2900DDAC1C /* PartiesModel.swift */,
			);
			path = Parties;
			sourceTree = "<group>";
		};
		4E713C0425842212001A0EB2 = {
			isa = PBXGroup;
			children = (
				4E713C0F25842212001A0EB2 /* UK Parliment Stats */,
				4E713C0E25842212001A0EB2 /* Products */,
			);
			sourceTree = "<group>";
		};
		4E713C0E25842212001A0EB2 /* Products */ = {
			isa = PBXGroup;
			children = (
				4E713C0D25842212001A0EB2 /* UK Parliment Stats.app */,
			);
			name = Products;
			sourceTree = "<group>";
		};
		4E713C0F25842212001A0EB2 /* UK Parliment Stats */ = {
			isa = PBXGroup;
			children = (
				4E713C1025842212001A0EB2 /* UK_Parliment_StatsApp.swift */,
				4E713C1225842212001A0EB2 /* ContentView.swift */,
				4E5EDAEB25A68C6500DDAC1C /* Parties */,
				4E72043A25994E71002A8841 /* Consituencies */,
				4E713C3725843623001A0EB2 /* Flocking Boids */,
				4E713C202584224F001A0EB2 /* Side Menu */,
				4E713C1425842216001A0EB2 /* Assets.xcassets */,
				4E713C1925842216001A0EB2 /* Info.plist */,
				4E713C1625842216001A0EB2 /* Preview Content */,
			);
			path = "UK Parliment Stats";
			sourceTree = "<group>";
		};
		4E713C1625842216001A0EB2 /* Preview Content */ = {
			isa = PBXGroup;
			children = (
				4E713C1725842216001A0EB2 /* Preview Assets.xcassets */,
			);
			path = "Preview Content";
			sourceTree = "<group>";
		};
		4E713C202584224F001A0EB2 /* Side Menu */ = {
			isa = PBXGroup;
			children = (
				4E713C212584224F001A0EB2 /* MinimalisticButtonStyle.swift */,
				4E713C222584224F001A0EB2 /* SlideMenu.swift */,
				4E713C2625842418001A0EB2 /* SideMenuNavigationLinkLabel.swift */,
			);
			path = "Side Menu";
			sourceTree = "<group>";
		};
		4E713C3725843623001A0EB2 /* Flocking Boids */ = {
			isa = PBXGroup;
			children = (
				4E713C39258437C0001A0EB2 /* CGPoint-Helpers.swift */,
				4E713C38258437C0001A0EB2 /* FlockingBoidsView.swift */,
				4E713C3B258437C0001A0EB2 /* Model.swift */,
				4E713C3A258437C0001A0EB2 /* Triangle.swift */,
				4E713C3C258437C0001A0EB2 /* ViewModel.swift */,
			);
			path = "Flocking Boids";
			sourceTree = "<group>";
		};
		4E72043A25994E71002A8841 /* Consituencies */ = {
			isa = PBXGroup;
			children = (
				4E72043C25994E80002A8841 /* ConstituenciesJSON.swift */,
				4E56E57A259A7B810035A510 /* ListOfAllConstituenciesView.swift */,
				4E72043B25994E80002A8841 /* ConstituenciesSearchModels.swift */,
				4E5EDAE825A66F0F00DDAC1C /* ParliamentAPI.swift */,
			);
			path = Consituencies;
			sourceTree = "<group>";
		};
/* End PBXGroup section */

/* Begin PBXNativeTarget section */
		4E713C0C25842212001A0EB2 /* UK Parliment Stats */ = {
			isa = PBXNativeTarget;
			buildConfigurationList = 4E713C1C25842216001A0EB2 /* Build configuration list for PBXNativeTarget "UK Parliment Stats" */;
			buildPhases = (
				4E713C0925842212001A0EB2 /* Sources */,
				4E713C0A25842212001A0EB2 /* Frameworks */,
				4E713C0B25842212001A0EB2 /* Resources */,
			);
			buildRules = (
			);
			dependencies = (
			);
			name = "UK Parliment Stats";
			productName = "UK Parliment Stats";
			productReference = 4E713C0D25842212001A0EB2 /* UK Parliment Stats.app */;
			productType = "com.apple.product-type.application";
		};
/* End PBXNativeTarget section */

/* Begin PBXProject section */
		4E713C0525842212001A0EB2 /* Project object */ = {
			isa = PBXProject;
			attributes = {
				LastSwiftUpdateCheck = 1220;
				LastUpgradeCheck = 1220;
				TargetAttributes = {
					4E713C0C25842212001A0EB2 = {
						CreatedOnToolsVersion = 12.2;
					};
				};
			};
			buildConfigurationList = 4E713C0825842212001A0EB2 /* Build configuration list for PBXProject "UK Parliment Stats" */;
			compatibilityVersion = "Xcode 9.3";
			developmentRegion = en;
			hasScannedForEncodings = 0;
			knownRegions = (
				en,
				Base,
			);
			mainGroup = 4E713C0425842212001A0EB2;
			productRefGroup = 4E713C0E25842212001A0EB2 /* Products */;
			projectDirPath = "";
			projectRoot = "";
			targets = (
				4E713C0C25842212001A0EB2 /* UK Parliment Stats */,
			);
		};
/* End PBXProject section */

/* Begin PBXResourcesBuildPhase section */
		4E713C0B25842212001A0EB2 /* Resources */ = {
			isa = PBXResourcesBuildPhase;
			buildActionMask = 2147483647;
			files = (
				4E713C1825842216001A0EB2 /* Preview Assets.xcassets in Resources */,
				4E713C1525842216001A0EB2 /* Assets.xcassets in Resources */,
			);
			runOnlyForDeploymentPostprocessing = 0;
		};
/* End PBXResourcesBuildPhase section */

/* Begin PBXSourcesBuildPhase section */
		4E713C0925842212001A0EB2 /* Sources */ = {
			isa = PBXSourcesBuildPhase;
			buildActionMask = 2147483647;
			files = (
				4E5EDAED25A68CD400DDAC1C /* PartyBannerView.swift in Sources */,
				4E713C41258437C0001A0EB2 /* ViewModel.swift in Sources */,
				4E713C40258437C0001A0EB2 /* Model.swift in Sources */,
				4E72043E25994E80002A8841 /* ConstituenciesJSON.swift in Sources */,
				4E713C242584224F001A0EB2 /* SlideMenu.swift in Sources */,
				4E56E57B259A7B810035A510 /* ListOfAllConstituenciesView.swift in Sources */,
				4E5EDAF025A68E2900DDAC1C /* PartiesModel.swift in Sources */,
				4E713C232584224F001A0EB2 /* MinimalisticButtonStyle.swift in Sources */,
				4E713C3E258437C0001A0EB2 /* CGPoint-Helpers.swift in Sources */,
				4E713C3D258437C0001A0EB2 /* FlockingBoidsView.swift in Sources */,
				4E713C1325842212001A0EB2 /* ContentView.swift in Sources */,
				4E713C2725842419001A0EB2 /* SideMenuNavigationLinkLabel.swift in Sources */,
				4E713C1125842212001A0EB2 /* UK_Parliment_StatsApp.swift in Sources */,
				4E5EDAF325A6955B00DDAC1C /* AllPartyBannersView.swift in Sources */,
				4E5EDAE925A66F0F00DDAC1C /* ParliamentAPI.swift in Sources */,
				4E72043D25994E80002A8841 /* ConstituenciesSearchModels.swift in Sources */,
				4E713C3F258437C0001A0EB2 /* Triangle.swift in Sources */,
			);
			runOnlyForDeploymentPostprocessing = 0;
		};
/* End PBXSourcesBuildPhase section */

/* Begin XCBuildConfiguration section */
		4E713C1A25842216001A0EB2 /* Debug */ = {
			isa = XCBuildConfiguration;
			buildSettings = {
				ALWAYS_SEARCH_USER_PATHS = NO;
				CLANG_ANALYZER_NONNULL = YES;
				CLANG_ANALYZER_NUMBER_OBJECT_CONVERSION = YES_AGGRESSIVE;
				CLANG_CXX_LANGUAGE_STANDARD = "gnu++14";
				CLANG_CXX_LIBRARY = "libc++";
				CLANG_ENABLE_MODULES = YES;
				CLANG_ENABLE_OBJC_ARC = YES;
				CLANG_ENABLE_OBJC_WEAK = YES;
				CLANG_WARN_BLOCK_CAPTURE_AUTORELEASING = YES;
				CLANG_WARN_BOOL_CONVERSION = YES;
				CLANG_WARN_COMMA = YES;
				CLANG_WARN_CONSTANT_CONVERSION = YES;
				CLANG_WARN_DEPRECATED_OBJC_IMPLEMENTATIONS = YES;
				CLANG_WARN_DIRECT_OBJC_ISA_USAGE = YES_ERROR;
				CLANG_WARN_DOCUMENTATION_COMMENTS = YES;
				CLANG_WARN_EMPTY_BODY = YES;
				CLANG_WARN_ENUM_CONVERSION = YES;
				CLANG_WARN_INFINITE_RECURSION = YES;
				CLANG_WARN_INT_CONVERSION = YES;
				CLANG_WARN_NON_LITERAL_NULL_CONVERSION = YES;
				CLANG_WARN_OBJC_IMPLICIT_RETAIN_SELF = YES;
				CLANG_WARN_OBJC_LITERAL_CONVERSION = YES;
				CLANG_WARN_OBJC_ROOT_CLASS = YES_ERROR;
				CLANG_WARN_QUOTED_INCLUDE_IN_FRAMEWORK_HEADER = YES;
				CLANG_WARN_RANGE_LOOP_ANALYSIS = YES;
				CLANG_WARN_STRICT_PROTOTYPES = YES;
				CLANG_WARN_SUSPICIOUS_MOVE = YES;
				CLANG_WARN_UNGUARDED_AVAILABILITY = YES_AGGRESSIVE;
				CLANG_WARN_UNREACHABLE_CODE = YES;
				CLANG_WARN__DUPLICATE_METHOD_MATCH = YES;
				COPY_PHASE_STRIP = NO;
				DEBUG_INFORMATION_FORMAT = dwarf;
				ENABLE_STRICT_OBJC_MSGSEND = YES;
				ENABLE_TESTABILITY = YES;
				GCC_C_LANGUAGE_STANDARD = gnu11;
				GCC_DYNAMIC_NO_PIC = NO;
				GCC_NO_COMMON_BLOCKS = YES;
				GCC_OPTIMIZATION_LEVEL = 0;
				GCC_PREPROCESSOR_DEFINITIONS = (
					"DEBUG=1",
					"$(inherited)",
				);
				GCC_WARN_64_TO_32_BIT_CONVERSION = YES;
				GCC_WARN_ABOUT_RETURN_TYPE = YES_ERROR;
				GCC_WARN_UNDECLARED_SELECTOR = YES;
				GCC_WARN_UNINITIALIZED_AUTOS = YES_AGGRESSIVE;
				GCC_WARN_UNUSED_FUNCTION = YES;
				GCC_WARN_UNUSED_VARIABLE = YES;
				IPHONEOS_DEPLOYMENT_TARGET = 14.2;
				MTL_ENABLE_DEBUG_INFO = INCLUDE_SOURCE;
				MTL_FAST_MATH = YES;
				ONLY_ACTIVE_ARCH = YES;
				SDKROOT = iphoneos;
				SWIFT_ACTIVE_COMPILATION_CONDITIONS = DEBUG;
				SWIFT_OPTIMIZATION_LEVEL = "-Onone";
			};
			name = Debug;
		};
		4E713C1B25842216001A0EB2 /* Release */ = {
			isa = XCBuildConfiguration;
			buildSettings = {
				ALWAYS_SEARCH_USER_PATHS = NO;
				CLANG_ANALYZER_NONNULL = YES;
				CLANG_ANALYZER_NUMBER_OBJECT_CONVERSION = YES_AGGRESSIVE;
				CLANG_CXX_LANGUAGE_STANDARD = "gnu++14";
				CLANG_CXX_LIBRARY = "libc++";
				CLANG_ENABLE_MODULES = YES;
				CLANG_ENABLE_OBJC_ARC = YES;
				CLANG_ENABLE_OBJC_WEAK = YES;
				CLANG_WARN_BLOCK_CAPTURE_AUTORELEASING = YES;
				CLANG_WARN_BOOL_CONVERSION = YES;
				CLANG_WARN_COMMA = YES;
				CLANG_WARN_CONSTANT_CONVERSION = YES;
				CLANG_WARN_DEPRECATED_OBJC_IMPLEMENTATIONS = YES;
				CLANG_WARN_DIRECT_OBJC_ISA_USAGE = YES_ERROR;
				CLANG_WARN_DOCUMENTATION_COMMENTS = YES;
				CLANG_WARN_EMPTY_BODY = YES;
				CLANG_WARN_ENUM_CONVERSION = YES;
				CLANG_WARN_INFINITE_RECURSION = YES;
				CLANG_WARN_INT_CONVERSION = YES;
				CLANG_WARN_NON_LITERAL_NULL_CONVERSION = YES;
				CLANG_WARN_OBJC_IMPLICIT_RETAIN_SELF = YES;
				CLANG_WARN_OBJC_LITERAL_CONVERSION = YES;
				CLANG_WARN_OBJC_ROOT_CLASS = YES_ERROR;
				CLANG_WARN_QUOTED_INCLUDE_IN_FRAMEWORK_HEADER = YES;
				CLANG_WARN_RANGE_LOOP_ANALYSIS = YES;
				CLANG_WARN_STRICT_PROTOTYPES = YES;
				CLANG_WARN_SUSPICIOUS_MOVE = YES;
				CLANG_WARN_UNGUARDED_AVAILABILITY = YES_AGGRESSIVE;
				CLANG_WARN_UNREACHABLE_CODE = YES;
				CLANG_WARN__DUPLICATE_METHOD_MATCH = YES;
				COPY_PHASE_STRIP = NO;
				DEBUG_INFORMATION_FORMAT = "dwarf-with-dsym";
				ENABLE_NS_ASSERTIONS = NO;
				ENABLE_STRICT_OBJC_MSGSEND = YES;
				GCC_C_LANGUAGE_STANDARD = gnu11;
				GCC_NO_COMMON_BLOCKS = YES;
				GCC_WARN_64_TO_32_BIT_CONVERSION = YES;
				GCC_WARN_ABOUT_RETURN_TYPE = YES_ERROR;
				GCC_WARN_UNDECLARED_SELECTOR = YES;
				GCC_WARN_UNINITIALIZED_AUTOS = YES_AGGRESSIVE;
				GCC_WARN_UNUSED_FUNCTION = YES;
				GCC_WARN_UNUSED_VARIABLE = YES;
				IPHONEOS_DEPLOYMENT_TARGET = 14.2;
				MTL_ENABLE_DEBUG_INFO = NO;
				MTL_FAST_MATH = YES;
				SDKROOT = iphoneos;
				SWIFT_COMPILATION_MODE = wholemodule;
				SWIFT_OPTIMIZATION_LEVEL = "-O";
				VALIDATE_PRODUCT = YES;
			};
			name = Release;
		};
		4E713C1D25842216001A0EB2 /* Debug */ = {
			isa = XCBuildConfiguration;
			buildSettings = {
				ASSETCATALOG_COMPILER_APPICON_NAME = AppIcon;
				ASSETCATALOG_COMPILER_GLOBAL_ACCENT_COLOR_NAME = AccentColor;
				CODE_SIGN_STYLE = Automatic;
				DEVELOPMENT_ASSET_PATHS = "\"UK Parliment Stats/Preview Content\"";
				DEVELOPMENT_TEAM = CW6X9K8LMH;
				ENABLE_PREVIEWS = YES;
				INFOPLIST_FILE = "UK Parliment Stats/Info.plist";
				IPHONEOS_DEPLOYMENT_TARGET = 14.0;
				LD_RUNPATH_SEARCH_PATHS = (
					"$(inherited)",
					"@executable_path/Frameworks",
				);
				PRODUCT_BUNDLE_IDENTIFIER = "Hudson.UK-Parliment-Stats";
				PRODUCT_NAME = "$(TARGET_NAME)";
				SWIFT_VERSION = 5.0;
				TARGETED_DEVICE_FAMILY = "1,2";
			};
			name = Debug;
		};
		4E713C1E25842216001A0EB2 /* Release */ = {
			isa = XCBuildConfiguration;
			buildSettings = {
				ASSETCATALOG_COMPILER_APPICON_NAME = AppIcon;
				ASSETCATALOG_COMPILER_GLOBAL_ACCENT_COLOR_NAME = AccentColor;
				CODE_SIGN_STYLE = Automatic;
				DEVELOPMENT_ASSET_PATHS = "\"UK Parliment Stats/Preview Content\"";
				DEVELOPMENT_TEAM = CW6X9K8LMH;
				ENABLE_PREVIEWS = YES;
				INFOPLIST_FILE = "UK Parliment Stats/Info.plist";
				IPHONEOS_DEPLOYMENT_TARGET = 14.0;
				LD_RUNPATH_SEARCH_PATHS = (
					"$(inherited)",
					"@executable_path/Frameworks",
				);
				PRODUCT_BUNDLE_IDENTIFIER = "Hudson.UK-Parliment-Stats";
				PRODUCT_NAME = "$(TARGET_NAME)";
				SWIFT_VERSION = 5.0;
				TARGETED_DEVICE_FAMILY = "1,2";
			};
			name = Release;
		};
/* End XCBuildConfiguration section */

/* Begin XCConfigurationList section */
		4E713C0825842212001A0EB2 /* Build configuration list for PBXProject "UK Parliment Stats" */ = {
			isa = XCConfigurationList;
			buildConfigurations = (
				4E713C1A25842216001A0EB2 /* Debug */,
				4E713C1B25842216001A0EB2 /* Release */,
			);
			defaultConfigurationIsVisible = 0;
			defaultConfigurationName = Release;
		};
		4E713C1C25842216001A0EB2 /* Build configuration list for PBXNativeTarget "UK Parliment Stats" */ = {
			isa = XCConfigurationList;
			buildConfigurations = (
				4E713C1D25842216001A0EB2 /* Debug */,
				4E713C1E25842216001A0EB2 /* Release */,
			);
			defaultConfigurationIsVisible = 0;
			defaultConfigurationName = Release;
		};
/* End XCConfigurationList section */
	};
	rootObject = 4E713C0525842212001A0EB2 /* Project object */;
}
